
Microsoft Visual Studio Solution File, Format Version 12.00
# Visual Studio Version 16
VisualStudioVersion = 16.0.32106.194
MinimumVisualStudioVersion = 10.0.40219.1
Project("{9A19103F-16F7-4668-BE54-9A1E7A4F7556}") = "Tutorial.Products", "Tutorial.Products\Tutorial.Products.csproj", "{205BB90F-6627-4A63-BD81-DDC696BC7A29}"
EndProject
Project("{2150E333-8FDC-42A3-9474-1A3956D46DE8}") = "Products", "Products", "{126CE4A5-999B-454C-B1AB-3A17A886C026}"
EndProject
Project("{2150E333-8FDC-42A3-9474-1A3956D46DE8}") = "src", "src", "{770A456F-AA0E-4B81-99B6-AE9B0D1F750D}"
EndProject
Project("{2150E333-8FDC-42A3-9474-1A3956D46DE8}") = "Services", "Services", "{D0F15567-FC60-4463-9C20-C812513CB640}"
EndProject
Project("{2150E333-8FDC-42A3-9474-1A3956D46DE8}") = "ApiGateway", "ApiGateway", "{65F3B51A-80CE-470B-BEA5-2C260932B8B6}"
EndProject
Project("{2150E333-8FDC-42A3-9474-1A3956D46DE8}") = "WebApp", "WebApp", "{21F49B55-B433-4CB1-B287-086B869FFF65}"
EndProject
Project("{2150E333-8FDC-42A3-9474-1A3956D46DE8}") = "Common", "Common", "{C6390A22-E32A-4C37-BFF8-01698AB80E58}"
EndProject
Project("{2150E333-8FDC-42A3-9474-1A3956D46DE8}") = "Sourcing", "Sourcing", "{C9176086-E779-46A6-B462-A400A6545B76}"
EndProject
Project("{2150E333-8FDC-42A3-9474-1A3956D46DE8}") = "Order", "Order", "{6B78FCD2-71B2-4D65-8D3D-E8AB3D47E656}"
EndProject
Project("{E53339B2-1760-4266-BCC7-CA923CBCF16C}") = "docker-compose", "docker-compose.dcproj", "{BD35B981-3A28-48E6-94C8-3F4E9F917D18}"
EndProject
Project("{9A19103F-16F7-4668-BE54-9A1E7A4F7556}") = "Tutorial.Sourcing", "Tutorial.Sourcing\Tutorial.Sourcing.csproj", "{417083F4-9850-4810-B4DB-C91C2242AF74}"
EndProject
Project("{9A19103F-16F7-4668-BE54-9A1E7A4F7556}") = "Tutorial.EventBusRabbitMQ", "Tutorial.EventBusRabbitMQ\Tutorial.EventBusRabbitMQ.csproj", "{3AC25398-ABB8-4BA9-BC8C-1D321DB09863}"
EndProject
Project("{9A19103F-16F7-4668-BE54-9A1E7A4F7556}") = "Tutorial.Orders.Application", "Tutorial.Orders.Application\Tutorial.Orders.Application.csproj", "{BC04EB18-D60A-44B3-A16F-625702F9DAA0}"
EndProject
Project("{9A19103F-16F7-4668-BE54-9A1E7A4F7556}") = "Tutorial.Orders.Domain", "Tutorial.Orders.Domain\Tutorial.Orders.Domain.csproj", "{F2A35271-50F1-4580-A44C-4CE8C66DE04A}"
EndProject
Project("{9A19103F-16F7-4668-BE54-9A1E7A4F7556}") = "Tutorial.Orders.Infrastructure", "Tutorial.Orders.Infrastructure\Tutorial.Orders.Infrastructure.csproj", "{810CEE6A-D291-4BAA-AA57-3D03097C78DB}"
EndProject
Project("{9A19103F-16F7-4668-BE54-9A1E7A4F7556}") = "Tutorial.Orders", "Tutorial.Orders\Tutorial.Orders.csproj", "{F9CC1F2F-722A-47F3-97D0-EDFA85F86E44}"
EndProject
Project("{9A19103F-16F7-4668-BE54-9A1E7A4F7556}") = "Tutorial.APIGateway", "Tutorial.APIGateway\Tutorial.APIGateway.csproj", "{8863EB3B-0560-4D5F-915C-EE2B2803C759}"
EndProject
Project("{FAE04EC0-301F-11D3-BF4B-00C04F79EFBC}") = "Tutorial.UI", "Tutorial.UI\Tutorial.UI.csproj", "{CA3CFD6E-C46A-4FF2-8F04-2F992E648E6C}"
EndProject
Project("{FAE04EC0-301F-11D3-BF4B-00C04F79EFBC}") = "Tutorial.Core", "Tutorial.Core\Tutorial.Core.csproj", "{098BDC69-C804-4AD0-B8E0-E384582A8016}"
EndProject
Project("{FAE04EC0-301F-11D3-BF4B-00C04F79EFBC}") = "Tutorial.Infrastructure", "Tutorial.Infrastructure\Tutorial.Infrastructure.csproj", "{A4364394-CBE3-4020-AB2B-0C183118A45F}"
EndProject
Global
	GlobalSection(SolutionConfigurationPlatforms) = preSolution
		Debug|Any CPU = Debug|Any CPU
		Release|Any CPU = Release|Any CPU
	EndGlobalSection
	GlobalSection(ProjectConfigurationPlatforms) = postSolution
		{205BB90F-6627-4A63-BD81-DDC696BC7A29}.Debug|Any CPU.ActiveCfg = Debug|Any CPU
		{205BB90F-6627-4A63-BD81-DDC696BC7A29}.Debug|Any CPU.Build.0 = Debug|Any CPU
		{205BB90F-6627-4A63-BD81-DDC696BC7A29}.Release|Any CPU.ActiveCfg = Release|Any CPU
		{205BB90F-6627-4A63-BD81-DDC696BC7A29}.Release|Any CPU.Build.0 = Release|Any CPU
		{BD35B981-3A28-48E6-94C8-3F4E9F917D18}.Debug|Any CPU.ActiveCfg = Debug|Any CPU
		{BD35B981-3A28-48E6-94C8-3F4E9F917D18}.Debug|Any CPU.Build.0 = Debug|Any CPU
		{BD35B981-3A28-48E6-94C8-3F4E9F917D18}.Release|Any CPU.ActiveCfg = Release|Any CPU
		{BD35B981-3A28-48E6-94C8-3F4E9F917D18}.Release|Any CPU.Build.0 = Release|Any CPU
		{417083F4-9850-4810-B4DB-C91C2242AF74}.Debug|Any CPU.ActiveCfg = Debug|Any CPU
		{417083F4-9850-4810-B4DB-C91C2242AF74}.Debug|Any CPU.Build.0 = Debug|Any CPU
		{417083F4-9850-4810-B4DB-C91C2242AF74}.Release|Any CPU.ActiveCfg = Release|Any CPU
		{417083F4-9850-4810-B4DB-C91C2242AF74}.Release|Any CPU.Build.0 = Release|Any CPU
		{3AC25398-ABB8-4BA9-BC8C-1D321DB09863}.Debug|Any CPU.ActiveCfg = Debug|Any CPU
		{3AC25398-ABB8-4BA9-BC8C-1D321DB09863}.Debug|Any CPU.Build.0 = Debug|Any CPU
		{3AC25398-ABB8-4BA9-BC8C-1D321DB09863}.Release|Any CPU.ActiveCfg = Release|Any CPU
		{3AC25398-ABB8-4BA9-BC8C-1D321DB09863}.Release|Any CPU.Build.0 = Release|Any CPU
		{BC04EB18-D60A-44B3-A16F-625702F9DAA0}.Debug|Any CPU.ActiveCfg = Debug|Any CPU
		{BC04EB18-D60A-44B3-A16F-625702F9DAA0}.Debug|Any CPU.Build.0 = Debug|Any CPU
		{BC04EB18-D60A-44B3-A16F-625702F9DAA0}.Release|Any CPU.ActiveCfg = Release|Any CPU
		{BC04EB18-D60A-44B3-A16F-625702F9DAA0}.Release|Any CPU.Build.0 = Release|Any CPU
		{F2A35271-50F1-4580-A44C-4CE8C66DE04A}.Debug|Any CPU.ActiveCfg = Debug|Any CPU
		{F2A35271-50F1-4580-A44C-4CE8C66DE04A}.Debug|Any CPU.Build.0 = Debug|Any CPU
		{F2A35271-50F1-4580-A44C-4CE8C66DE04A}.Release|Any CPU.ActiveCfg = Release|Any CPU
		{F2A35271-50F1-4580-A44C-4CE8C66DE04A}.Release|Any CPU.Build.0 = Release|Any CPU
		{810CEE6A-D291-4BAA-AA57-3D03097C78DB}.Debug|Any CPU.ActiveCfg = Debug|Any CPU
		{810CEE6A-D291-4BAA-AA57-3D03097C78DB}.Debug|Any CPU.Build.0 = Debug|Any CPU
		{810CEE6A-D291-4BAA-AA57-3D03097C78DB}.Release|Any CPU.ActiveCfg = Release|Any CPU
		{810CEE6A-D291-4BAA-AA57-3D03097C78DB}.Release|Any CPU.Build.0 = Release|Any CPU
		{F9CC1F2F-722A-47F3-97D0-EDFA85F86E44}.Debug|Any CPU.ActiveCfg = Debug|Any CPU
		{F9CC1F2F-722A-47F3-97D0-EDFA85F86E44}.Debug|Any CPU.Build.0 = Debug|Any CPU
		{F9CC1F2F-722A-47F3-97D0-EDFA85F86E44}.Release|Any CPU.ActiveCfg = Release|Any CPU
		{F9CC1F2F-722A-47F3-97D0-EDFA85F86E44}.Release|Any CPU.Build.0 = Release|Any CPU
		{8863EB3B-0560-4D5F-915C-EE2B2803C759}.Debug|Any CPU.ActiveCfg = Debug|Any CPU
		{8863EB3B-0560-4D5F-915C-EE2B2803C759}.Debug|Any CPU.Build.0 = Debug|Any CPU
		{8863EB3B-0560-4D5F-915C-EE2B2803C759}.Release|Any CPU.ActiveCfg = Release|Any CPU
		{8863EB3B-0560-4D5F-915C-EE2B2803C759}.Release|Any CPU.Build.0 = Release|Any CPU
		{CA3CFD6E-C46A-4FF2-8F04-2F992E648E6C}.Debug|Any CPU.ActiveCfg = Debug|Any CPU
		{CA3CFD6E-C46A-4FF2-8F04-2F992E648E6C}.Debug|Any CPU.Build.0 = Debug|Any CPU
		{CA3CFD6E-C46A-4FF2-8F04-2F992E648E6C}.Release|Any CPU.ActiveCfg = Release|Any CPU
		{CA3CFD6E-C46A-4FF2-8F04-2F992E648E6C}.Release|Any CPU.Build.0 = Release|Any CPU
		{098BDC69-C804-4AD0-B8E0-E384582A8016}.Debug|Any CPU.ActiveCfg = Debug|Any CPU
		{098BDC69-C804-4AD0-B8E0-E384582A8016}.Debug|Any CPU.Build.0 = Debug|Any CPU
		{098BDC69-C804-4AD0-B8E0-E384582A8016}.Release|Any CPU.ActiveCfg = Release|Any CPU
		{098BDC69-C804-4AD0-B8E0-E384582A8016}.Release|Any CPU.Build.0 = Release|Any CPU
		{A4364394-CBE3-4020-AB2B-0C183118A45F}.Debug|Any CPU.ActiveCfg = Debug|Any CPU
		{A4364394-CBE3-4020-AB2B-0C183118A45F}.Debug|Any CPU.Build.0 = Debug|Any CPU
		{A4364394-CBE3-4020-AB2B-0C183118A45F}.Release|Any CPU.ActiveCfg = Release|Any CPU
		{A4364394-CBE3-4020-AB2B-0C183118A45F}.Release|Any CPU.Build.0 = Release|Any CPU
	EndGlobalSection
	GlobalSection(SolutionProperties) = preSolution
		HideSolutionNode = FALSE
	EndGlobalSection
	GlobalSection(NestedProjects) = preSolution
		{205BB90F-6627-4A63-BD81-DDC696BC7A29} = {126CE4A5-999B-454C-B1AB-3A17A886C026}
		{126CE4A5-999B-454C-B1AB-3A17A886C026} = {D0F15567-FC60-4463-9C20-C812513CB640}
		{D0F15567-FC60-4463-9C20-C812513CB640} = {770A456F-AA0E-4B81-99B6-AE9B0D1F750D}
		{65F3B51A-80CE-470B-BEA5-2C260932B8B6} = {770A456F-AA0E-4B81-99B6-AE9B0D1F750D}
		{21F49B55-B433-4CB1-B287-086B869FFF65} = {770A456F-AA0E-4B81-99B6-AE9B0D1F750D}
		{C6390A22-E32A-4C37-BFF8-01698AB80E58} = {D0F15567-FC60-4463-9C20-C812513CB640}
		{C9176086-E779-46A6-B462-A400A6545B76} = {D0F15567-FC60-4463-9C20-C812513CB640}
		{6B78FCD2-71B2-4D65-8D3D-E8AB3D47E656} = {D0F15567-FC60-4463-9C20-C812513CB640}
		{417083F4-9850-4810-B4DB-C91C2242AF74} = {C9176086-E779-46A6-B462-A400A6545B76}
		{3AC25398-ABB8-4BA9-BC8C-1D321DB09863} = {C6390A22-E32A-4C37-BFF8-01698AB80E58}
		{BC04EB18-D60A-44B3-A16F-625702F9DAA0} = {6B78FCD2-71B2-4D65-8D3D-E8AB3D47E656}
		{F2A35271-50F1-4580-A44C-4CE8C66DE04A} = {6B78FCD2-71B2-4D65-8D3D-E8AB3D47E656}
		{810CEE6A-D291-4BAA-AA57-3D03097C78DB} = {6B78FCD2-71B2-4D65-8D3D-E8AB3D47E656}
		{F9CC1F2F-722A-47F3-97D0-EDFA85F86E44} = {6B78FCD2-71B2-4D65-8D3D-E8AB3D47E656}
		{8863EB3B-0560-4D5F-915C-EE2B2803C759} = {65F3B51A-80CE-470B-BEA5-2C260932B8B6}
		{CA3CFD6E-C46A-4FF2-8F04-2F992E648E6C} = {21F49B55-B433-4CB1-B287-086B869FFF65}
		{098BDC69-C804-4AD0-B8E0-E384582A8016} = {21F49B55-B433-4CB1-B287-086B869FFF65}
		{A4364394-CBE3-4020-AB2B-0C183118A45F} = {21F49B55-B433-4CB1-B287-086B869FFF65}
	EndGlobalSection
	GlobalSection(ExtensibilityGlobals) = postSolution
		SolutionGuid = {93E69AF6-A50B-4F26-A1E9-B8CA39D6F313}
	EndGlobalSection
EndGlobal
